<Solution>
  <Folder Name="/docs/">
    <File Path="README.md" />
  </Folder>
  <Folder Name="/src/">
    <Project Path="src/PilotMcpServer/PilotMcpServer.csproj" />
  </Folder>
  <Folder Name="/tests/">
    <Project Path="tests/PilotMcpServer.Tests/PilotMcpServer.Tests.csproj" />
  </Folder>
</Solution>
